
Microsoft Visual Studio Solution File, Format Version 12.00
# Visual Studio 15
VisualStudioVersion = 15.0.27428.2043
MinimumVisualStudioVersion = 10.0.40219.1
Project("{FAE04EC0-301F-11D3-BF4B-00C04F79EFBC}") = "VetisLog.Agent", "VetisLog.Agent.csproj", "{91A3A630-EDFC-4ECC-B426-31140F731DA2}"
EndProject
Global
	GlobalSection(SolutionConfigurationPlatforms) = preSolution
		Debug|Any CPU = Debug|Any CPU
		Release|Any CPU = Release|Any CPU
	EndGlobalSection
	GlobalSection(ProjectConfigurationPlatforms) = postSolution
		{91A3A630-EDFC-4ECC-B426-31140F731DA2}.Debug|Any CPU.ActiveCfg = Debug|Any CPU
		{91A3A630-EDFC-4ECC-B426-31140F731DA2}.Debug|Any CPU.Build.0 = Debug|Any CPU
		{91A3A630-EDFC-4ECC-B426-31140F731DA2}.Release|Any CPU.ActiveCfg = Release|Any CPU
		{91A3A630-EDFC-4ECC-B426-31140F731DA2}.Release|Any CPU.Build.0 = Release|Any CPU
	EndGlobalSection
	GlobalSection(SolutionProperties) = preSolution
		HideSolutionNode = FALSE
	EndGlobalSection
	GlobalSection(ExtensibilityGlobals) = postSolution
		SolutionGuid = {DEDA7155-CD42-4280-B711-850C9D11556B}
	EndGlobalSection
EndGlobal
